<?xml version="1.0" encoding="UTF-8"?>
<Scheme
   LastUpgradeVersion = "2620"
   version = "1.3">
   <BuildAction
      parallelizeBuildables = "YES"
      buildImplicitDependencies = "YES">
      <PostActions>
         <ExecutionAction
            ActionType = "Xcode.IDEStandardExecutionActionsCore.ExecutionActionType.ShellScriptAction">
            <ActionContent
               title = "Install to Applications"
               scriptText = "set -eu&#10;&#10;source_app=&quot;${TARGET_BUILD_DIR}/${FULL_PRODUCT_NAME}&quot;&#10;destination_app=&quot;/Applications/${FULL_PRODUCT_NAME}&quot;&#10;&#10;if [ ! -d &quot;$source_app&quot; ]; then&#10;    echo &quot;Missing built app: $source_app&quot; &gt;&amp;2&#10;    exit 1&#10;fi&#10;&#10;/usr/bin/ditto &quot;$source_app&quot; &quot;$destination_app&quot;&#10;/usr/bin/codesign --force --sign - &quot;$destination_app&quot; &gt;/dev/null 2&gt;&amp;1 || true&#10;">
               <EnvironmentBuildable>
                  <BuildableReference
                     BuildableIdentifier = "primary"
                     BlueprintIdentifier = "5F0300012C00000300000001"
                     BuildableName = "CodexReminder.app"
                     BlueprintName = "CodexReminder"
                     ReferencedContainer = "container:CodexReminder.xcodeproj">
                  </BuildableReference>
               </EnvironmentBuildable>
            </ActionContent>
         </ExecutionAction>
      </PostActions>
      <BuildActionEntries>
         <BuildActionEntry
            buildForTesting = "YES"
            buildForRunning = "YES"
            buildForProfiling = "YES"
            buildForArchiving = "YES"
            buildForAnalyzing = "YES">
            <BuildableReference
               BuildableIdentifier = "primary"
               BlueprintIdentifier = "5F0300012C00000300000001"
               BuildableName = "CodexReminder.app"
               BlueprintName = "CodexReminder"
               ReferencedContainer = "container:CodexReminder.xcodeproj">
            </BuildableReference>
         </BuildActionEntry>
      </BuildActionEntries>
   </BuildAction>
   <TestAction
      buildConfiguration = "Debug"
      selectedDebuggerIdentifier = "Xcode.DebuggerFoundation.Debugger.LLDB"
      selectedLauncherIdentifier = "Xcode.DebuggerFoundation.Launcher.LLDB"
      shouldUseLaunchSchemeArgsEnv = "YES">
      <Testables>
      </Testables>
   </TestAction>
   <LaunchAction
      buildConfiguration = "Debug"
      selectedDebuggerIdentifier = "Xcode.DebuggerFoundation.Debugger.LLDB"
      selectedLauncherIdentifier = "Xcode.DebuggerFoundation.Launcher.LLDB"
      launchStyle = "0"
      useCustomWorkingDirectory = "NO"
      ignoresPersistentStateOnLaunch = "NO"
      debugDocumentVersioning = "YES"
      debugServiceExtension = "internal"
      allowLocationSimulation = "YES">
      <BuildableProductRunnable
         runnableDebuggingMode = "0">
         <BuildableReference
            BuildableIdentifier = "primary"
            BlueprintIdentifier = "5F0300012C00000300000001"
            BuildableName = "CodexReminder.app"
            BlueprintName = "CodexReminder"
            ReferencedContainer = "container:CodexReminder.xcodeproj">
         </BuildableReference>
      </BuildableProductRunnable>
   </LaunchAction>
   <ProfileAction
      buildConfiguration = "Release"
      shouldUseLaunchSchemeArgsEnv = "YES"
      savedToolIdentifier = ""
      useCustomWorkingDirectory = "NO"
      debugDocumentVersioning = "YES">
      <BuildableProductRunnable
         runnableDebuggingMode = "0">
         <BuildableReference
            BuildableIdentifier = "primary"
            BlueprintIdentifier = "5F0300012C00000300000001"
            BuildableName = "CodexReminder.app"
            BlueprintName = "CodexReminder"
            ReferencedContainer = "container:CodexReminder.xcodeproj">
         </BuildableReference>
      </BuildableProductRunnable>
   </ProfileAction>
   <AnalyzeAction
      buildConfiguration = "Debug">
   </AnalyzeAction>
   <ArchiveAction
      buildConfiguration = "Release"
      revealArchiveInOrganizer = "YES">
   </ArchiveAction>
</Scheme>
